
Microsoft Visual Studio Solution File, Format Version 12.00
# Visual Studio 15
VisualStudioVersion = 15.0.28307.1209
MinimumVisualStudioVersion = 10.0.40219.1
Project("{FAE04EC0-301F-11D3-BF4B-00C04F79EFBC}") = "LaTienda.Presentacion", "LaTienda\LaTienda.Presentacion.csproj", "{C43D064C-6BA3-4454-B87B-DC10EC591629}"
EndProject
Project("{FAE04EC0-301F-11D3-BF4B-00C04F79EFBC}") = "LaTienda.Dominio", "LaTienda.Dominio\LaTienda.Dominio.csproj", "{79D779BF-7121-4BF5-8DB0-73E9B8D240C9}"
EndProject
Project("{FAE04EC0-301F-11D3-BF4B-00C04F79EFBC}") = "LaTienda.Datos", "LaTienda.Datos\LaTienda.Datos.csproj", "{9CBA4CB8-0C2E-4CA9-9A95-A5B166A5FE95}"
EndProject
Global
	GlobalSection(SolutionConfigurationPlatforms) = preSolution
		Debug|Any CPU = Debug|Any CPU
		Release|Any CPU = Release|Any CPU
	EndGlobalSection
	GlobalSection(ProjectConfigurationPlatforms) = postSolution
		{C43D064C-6BA3-4454-B87B-DC10EC591629}.Debug|Any CPU.ActiveCfg = Debug|Any CPU
		{C43D064C-6BA3-4454-B87B-DC10EC591629}.Debug|Any CPU.Build.0 = Debug|Any CPU
		{C43D064C-6BA3-4454-B87B-DC10EC591629}.Release|Any CPU.ActiveCfg = Release|Any CPU
		{C43D064C-6BA3-4454-B87B-DC10EC591629}.Release|Any CPU.Build.0 = Release|Any CPU
		{79D779BF-7121-4BF5-8DB0-73E9B8D240C9}.Debug|Any CPU.ActiveCfg = Debug|Any CPU
		{79D779BF-7121-4BF5-8DB0-73E9B8D240C9}.Debug|Any CPU.Build.0 = Debug|Any CPU
		{79D779BF-7121-4BF5-8DB0-73E9B8D240C9}.Release|Any CPU.ActiveCfg = Release|Any CPU
		{79D779BF-7121-4BF5-8DB0-73E9B8D240C9}.Release|Any CPU.Build.0 = Release|Any CPU
		{9CBA4CB8-0C2E-4CA9-9A95-A5B166A5FE95}.Debug|Any CPU.ActiveCfg = Debug|Any CPU
		{9CBA4CB8-0C2E-4CA9-9A95-A5B166A5FE95}.Debug|Any CPU.Build.0 = Debug|Any CPU
		{9CBA4CB8-0C2E-4CA9-9A95-A5B166A5FE95}.Release|Any CPU.ActiveCfg = Release|Any CPU
		{9CBA4CB8-0C2E-4CA9-9A95-A5B166A5FE95}.Release|Any CPU.Build.0 = Release|Any CPU
	EndGlobalSection
	GlobalSection(SolutionProperties) = preSolution
		HideSolutionNode = FALSE
	EndGlobalSection
	GlobalSection(ExtensibilityGlobals) = postSolution
		SolutionGuid = {78340BD7-F7CA-4E54-8039-54C56BA3E877}
	EndGlobalSection
EndGlobal
